# THIS IS AN AUTOGENERATED FILE. DO NOT EDIT THIS FILE DIRECTLY.
# yarn lockfile v1


tslib@^1.8.1:
  version "1.9.3"
  resolved "http://registry.npm.taobao.org/tslib/download/tslib-1.9.3.tgz#d7e4dd79245d85428c4d7e4822a79917954ca286"

tslint-react@3.6.0:
  version "3.6.0"
  resolved "http://registry.npm.taobao.org/tslint-react/download/tslint-react-3.6.0.tgz#7f462c95c4a0afaae82507f06517ff02942196a1"
  dependencies:
    tsutils "^2.13.1"

tsutils@^2.13.1:
  version "2.29.0"
  resolved "http://registry.npm.taobao.org/tsutils/download/tsutils-2.29.0.tgz#32b488501467acbedd4b85498673a0812aca0b99"
  dependencies:
    tslib "^1.8.1"
